
Microsoft Visual Studio Solution File, Format Version 12.00
# Visual Studio 14
VisualStudioVersion = 14.0.25420.1
MinimumVisualStudioVersion = 10.0.40219.1
Project("{FAE04EC0-301F-11D3-BF4B-00C04F79EFBC}") = "153264_152728", "153264_152728\153264_152728.csproj", "{22D9240C-331F-4274-A5DD-24B0C1F268F3}"
EndProject
Global
	GlobalSection(SolutionConfigurationPlatforms) = preSolution
		Debug|Any CPU = Debug|Any CPU
		Release|Any CPU = Release|Any CPU
	EndGlobalSection
	GlobalSection(ProjectConfigurationPlatforms) = postSolution
		{22D9240C-331F-4274-A5DD-24B0C1F268F3}.Debug|Any CPU.ActiveCfg = Debug|Any CPU
		{22D9240C-331F-4274-A5DD-24B0C1F268F3}.Debug|Any CPU.Build.0 = Debug|Any CPU
		{22D9240C-331F-4274-A5DD-24B0C1F268F3}.Release|Any CPU.ActiveCfg = Release|Any CPU
		{22D9240C-331F-4274-A5DD-24B0C1F268F3}.Release|Any CPU.Build.0 = Release|Any CPU
	EndGlobalSection
	GlobalSection(SolutionProperties) = preSolution
		HideSolutionNode = FALSE
	EndGlobalSection
EndGlobal
